
Microsoft Visual Studio Solution File, Format Version 12.00
# Visual Studio Version 17
VisualStudioVersion = 17.1.32421.90
MinimumVisualStudioVersion = 10.0.40219.1
Project("{FAE04EC0-301F-11D3-BF4B-00C04F79EFBC}") = "Test", "Test\Test.csproj", "{D3FF7F26-3E5B-4CC2-A198-4FAD28F058A9}"
EndProject
Project("{FAE04EC0-301F-11D3-BF4B-00C04F79EFBC}") = "UnitTestProject", "UnitTestProject\UnitTestProject.csproj", "{A9A923A1-5439-4CC0-9580-4713A23C293A}"
EndProject
Global
	GlobalSection(SolutionConfigurationPlatforms) = preSolution
		Debug|Any CPU = Debug|Any CPU
		Release|Any CPU = Release|Any CPU
	EndGlobalSection
	GlobalSection(ProjectConfigurationPlatforms) = postSolution
		{D3FF7F26-3E5B-4CC2-A198-4FAD28F058A9}.Debug|Any CPU.ActiveCfg = Debug|Any CPU
		{D3FF7F26-3E5B-4CC2-A198-4FAD28F058A9}.Debug|Any CPU.Build.0 = Debug|Any CPU
		{D3FF7F26-3E5B-4CC2-A198-4FAD28F058A9}.Release|Any CPU.ActiveCfg = Release|Any CPU
		{D3FF7F26-3E5B-4CC2-A198-4FAD28F058A9}.Release|Any CPU.Build.0 = Release|Any CPU
		{A9A923A1-5439-4CC0-9580-4713A23C293A}.Debug|Any CPU.ActiveCfg = Debug|Any CPU
		{A9A923A1-5439-4CC0-9580-4713A23C293A}.Debug|Any CPU.Build.0 = Debug|Any CPU
		{A9A923A1-5439-4CC0-9580-4713A23C293A}.Release|Any CPU.ActiveCfg = Release|Any CPU
		{A9A923A1-5439-4CC0-9580-4713A23C293A}.Release|Any CPU.Build.0 = Release|Any CPU
	EndGlobalSection
	GlobalSection(SolutionProperties) = preSolution
		HideSolutionNode = FALSE
	EndGlobalSection
	GlobalSection(ExtensibilityGlobals) = postSolution
		SolutionGuid = {DDC78CCF-E46F-4EC1-B2E8-06FDCD39A0D5}
	EndGlobalSection
EndGlobal
